
Microsoft Visual Studio Solution File, Format Version 12.00
# Visual Studio Version 16
VisualStudioVersion = 16.0.32228.343
MinimumVisualStudioVersion = 10.0.40219.1
Project("{FAE04EC0-301F-11D3-BF4B-00C04F79EFBC}") = "Taunyane's Energy", "Taunyane's Enger\Taunyane's Energy.csproj", "{2BF43914-44C0-4517-9EC3-F544B504D937}"
EndProject
Global
	GlobalSection(SolutionConfigurationPlatforms) = preSolution
		Debug|Any CPU = Debug|Any CPU
		Release|Any CPU = Release|Any CPU
	EndGlobalSection
	GlobalSection(ProjectConfigurationPlatforms) = postSolution
		{2BF43914-44C0-4517-9EC3-F544B504D937}.Debug|Any CPU.ActiveCfg = Debug|Any CPU
		{2BF43914-44C0-4517-9EC3-F544B504D937}.Debug|Any CPU.Build.0 = Debug|Any CPU
		{2BF43914-44C0-4517-9EC3-F544B504D937}.Release|Any CPU.ActiveCfg = Release|Any CPU
		{2BF43914-44C0-4517-9EC3-F544B504D937}.Release|Any CPU.Build.0 = Release|Any CPU
	EndGlobalSection
	GlobalSection(SolutionProperties) = preSolution
		HideSolutionNode = FALSE
	EndGlobalSection
	GlobalSection(ExtensibilityGlobals) = postSolution
		SolutionGuid = {5B80833F-A07E-48EA-AE13-CBAE99A7D70D}
	EndGlobalSection
EndGlobal
